
Microsoft Visual Studio Solution File, Format Version 12.00
# Visual Studio Version 16
VisualStudioVersion = 16.0.30128.74
MinimumVisualStudioVersion = 10.0.40219.1
Project("{FAE04EC0-301F-11D3-BF4B-00C04F79EFBC}") = "Barcode", "Barcode.csproj", "{5C5D06D6-ED85-4AE2-81D2-D6A657DE43A2}"
EndProject
Project("{FAE04EC0-301F-11D3-BF4B-00C04F79EFBC}") = "DBLIB", "C:\Users\seol\Desktop\DBLIB\DBLIB\DBLIB.csproj", "{C8B688DD-ED37-4B1C-A07E-438828622007}"
EndProject
Global
	GlobalSection(SolutionConfigurationPlatforms) = preSolution
		Debug|Any CPU = Debug|Any CPU
		Release|Any CPU = Release|Any CPU
	EndGlobalSection
	GlobalSection(ProjectConfigurationPlatforms) = postSolution
		{5C5D06D6-ED85-4AE2-81D2-D6A657DE43A2}.Debug|Any CPU.ActiveCfg = Debug|Any CPU
		{5C5D06D6-ED85-4AE2-81D2-D6A657DE43A2}.Debug|Any CPU.Build.0 = Debug|Any CPU
		{5C5D06D6-ED85-4AE2-81D2-D6A657DE43A2}.Release|Any CPU.ActiveCfg = Release|Any CPU
		{5C5D06D6-ED85-4AE2-81D2-D6A657DE43A2}.Release|Any CPU.Build.0 = Release|Any CPU
		{C8B688DD-ED37-4B1C-A07E-438828622007}.Debug|Any CPU.ActiveCfg = Debug|Any CPU
		{C8B688DD-ED37-4B1C-A07E-438828622007}.Debug|Any CPU.Build.0 = Debug|Any CPU
		{C8B688DD-ED37-4B1C-A07E-438828622007}.Release|Any CPU.ActiveCfg = Release|Any CPU
		{C8B688DD-ED37-4B1C-A07E-438828622007}.Release|Any CPU.Build.0 = Release|Any CPU
	EndGlobalSection
	GlobalSection(SolutionProperties) = preSolution
		HideSolutionNode = FALSE
	EndGlobalSection
	GlobalSection(ExtensibilityGlobals) = postSolution
		SolutionGuid = {A9766CF7-F998-4138-B154-F8E560226B56}
	EndGlobalSection
EndGlobal
